# This file is automatically @generated by Poetry 1.6.1 and should not be changed by hand.

[[package]]
name = "aws-assume-role-lib"
version = "1.3.0"
description = "Assumed role session chaining (with credential refreshing) for boto3"
optional = false
python-versions = ">=3.6,<4.0"
files = [
    {file = "aws-assume-role-lib-1.3.0.tar.gz", hash = "sha256:c369d2f858ae09948d84eab8b451c17d008febb164ef7356b7c20de5f9f99d61"},
    {file = "aws_assume_role_lib-1.3.0-py3-none-any.whl", hash = "sha256:a99257db9cd35e5073f027e1841887616765ab751f65b9b1637a42d6510cf5e5"},
]

[package.dependencies]
boto3 = ">=1.13.0,<2.0.0"

[[package]]
name = "boto3"
version = "1.16.50"
description = "The AWS SDK for Python"
optional = false
python-versions = "*"
files = [
    {file = "boto3-1.16.50-py2.py3-none-any.whl", hash = "sha256:ea860397e6c635284533bbc16fc77cdcfd96a78242c5ab6f2ffe2b43722802ce"},
    {file = "boto3-1.16.50.tar.gz", hash = "sha256:4d502a842b81fdac4b950d3b88a5b9067ce118213b122b20f4192003cb067986"},
]

[package.dependencies]
botocore = ">=1.19.50,<1.20.0"
jmespath = ">=0.7.1,<1.0.0"
s3transfer = ">=0.3.0,<0.4.0"

[[package]]
name = "botocore"
version = "1.19.50"
description = "Low-level, data-driven core of boto 3."
optional = false
python-versions = "*"
files = [
    {file = "botocore-1.19.50-py2.py3-none-any.whl", hash = "sha256:87efa9399a1a61c03d484d720d6f4ef0b76a3039f29953ff819ae0cb25e0e21c"},
    {file = "botocore-1.19.50.tar.gz", hash = "sha256:709090ba61bba7dfa831b437d61cb469a85298d8f3ce5b8e12cdf41bd2b2bc61"},
]

[package.dependencies]
jmespath = ">=0.7.1,<1.0.0"
python-dateutil = ">=2.1,<3.0.0"
urllib3 = {version = ">=1.25.4,<1.27", markers = "python_version != \"3.4\""}

[[package]]
name = "jmespath"
version = "0.10.0"
description = "JSON Matching Expressions"
optional = false
python-versions = ">=2.6, !=3.0.*, !=3.1.*, !=3.2.*"
files = [
    {file = "jmespath-0.10.0-py2.py3-none-any.whl", hash = "sha256:cdf6525904cc597730141d61b36f2e4b8ecc257c420fa2f4549bac2c2d0cb72f"},
    {file = "jmespath-0.10.0.tar.gz", hash = "sha256:b85d0567b8666149a93172712e68920734333c0ce7e89b78b3e987f71e5ed4f9"},
]

[[package]]
name = "python-dateutil"
version = "2.8.1"
description = "Extensions to the standard Python datetime module"
optional = false
python-versions = "!=3.0.*,!=3.1.*,!=3.2.*,>=2.7"
files = [
    {file = "python-dateutil-2.8.1.tar.gz", hash = "sha256:73ebfe9dbf22e832286dafa60473e4cd239f8592f699aa5adaf10050e6e1823c"},
    {file = "python_dateutil-2.8.1-py2.py3-none-any.whl", hash = "sha256:75bb3f31ea686f1197762692a9ee6a7550b59fc6ca3a1f4b5d7e32fb98e2da2a"},
]

[package.dependencies]
six = ">=1.5"

[[package]]
name = "s3transfer"
version = "0.3.3"
description = "An Amazon S3 Transfer Manager"
optional = false
python-versions = "*"
files = [
    {file = "s3transfer-0.3.3-py2.py3-none-any.whl", hash = "sha256:2482b4259524933a022d59da830f51bd746db62f047d6eb213f2f8855dcb8a13"},
    {file = "s3transfer-0.3.3.tar.gz", hash = "sha256:921a37e2aefc64145e7b73d50c71bb4f26f46e4c9f414dc648c6245ff92cf7db"},
]

[package.dependencies]
botocore = ">=1.12.36,<2.0a.0"

[[package]]
name = "six"
version = "1.15.0"
description = "Python 2 and 3 compatibility utilities"
optional = false
python-versions = ">=2.7, !=3.0.*, !=3.1.*, !=3.2.*"
files = [
    {file = "six-1.15.0-py2.py3-none-any.whl", hash = "sha256:8b74bedcbbbaca38ff6d7491d76f2b06b3592611af620f8426e82dddb04a5ced"},
    {file = "six-1.15.0.tar.gz", hash = "sha256:30639c035cdb23534cd4aa2dd52c3bf48f06e5f4a941509c8bafd8ce11080259"},
]

[[package]]
name = "urllib3"
version = "1.26.18"
description = "HTTP library with thread-safe connection pooling, file post, and more."
optional = false
python-versions = ">=2.7, !=3.0.*, !=3.1.*, !=3.2.*, !=3.3.*, !=3.4.*, !=3.5.*"
files = [
    {file = "urllib3-1.26.18-py2.py3-none-any.whl", hash = "sha256:34b97092d7e0a3a8cf7cd10e386f401b3737364026c45e622aa02903dffe0f07"},
    {file = "urllib3-1.26.18.tar.gz", hash = "sha256:f8ecc1bba5667413457c529ab955bf8c67b45db799d159066261719e328580a0"},
]

[package.extras]
brotli = ["brotli (==1.0.9)", "brotli (>=1.0.9)", "brotlicffi (>=0.8.0)", "brotlipy (>=0.6.0)"]
secure = ["certifi", "cryptography (>=1.3.4)", "idna (>=2.0.0)", "ipaddress", "pyOpenSSL (>=0.14)", "urllib3-secure-extra"]
socks = ["PySocks (>=1.5.6,!=1.5.7,<2.0)"]

[metadata]
lock-version = "2.0"
python-versions = "^3.6"
content-hash = "f0e1ee380bf5b301330981db8a4a5fe2150ee61457c147649d23849ad3587deb"
